
Microsoft Visual Studio Solution File, Format Version 12.00
# Visual Studio Version 16
VisualStudioVersion = 16.0.810.9
MinimumVisualStudioVersion = 10.0.40219.1
Project("{FAE04EC0-301F-11D3-BF4B-00C04F79EFBC}") = "GradeBook", "GradeBook.csproj", "{52238540-9A66-4782-AA6B-83DA2B5C057F}"
EndProject
Global
	GlobalSection(SolutionConfigurationPlatforms) = preSolution
		Debug|Any CPU = Debug|Any CPU
		Release|Any CPU = Release|Any CPU
	EndGlobalSection
	GlobalSection(ProjectConfigurationPlatforms) = postSolution
		{52238540-9A66-4782-AA6B-83DA2B5C057F}.Debug|Any CPU.ActiveCfg = Debug|Any CPU
		{52238540-9A66-4782-AA6B-83DA2B5C057F}.Debug|Any CPU.Build.0 = Debug|Any CPU
		{52238540-9A66-4782-AA6B-83DA2B5C057F}.Release|Any CPU.ActiveCfg = Release|Any CPU
		{52238540-9A66-4782-AA6B-83DA2B5C057F}.Release|Any CPU.Build.0 = Release|Any CPU
	EndGlobalSection
	GlobalSection(SolutionProperties) = preSolution
		HideSolutionNode = FALSE
	EndGlobalSection
	GlobalSection(ExtensibilityGlobals) = postSolution
		SolutionGuid = {C77F4EC8-220E-4591-8F27-13ED3D335A8E}
	EndGlobalSection
EndGlobal
